
Microsoft Visual Studio Solution File, Format Version 12.00
# Visual Studio Version 17
VisualStudioVersion = 17.13.35605.110 d17.13
MinimumVisualStudioVersion = 10.0.40219.1
Project("{FAE04EC0-301F-11D3-BF4B-00C04F79EFBC}") = "paracrosic№4", "paracrosic№4\paracrosic№4.csproj", "{AFC437D5-FC21-41B4-8CB5-5A726BB409A3}"
EndProject
Global
	GlobalSection(SolutionConfigurationPlatforms) = preSolution
		Debug|Any CPU = Debug|Any CPU
		Release|Any CPU = Release|Any CPU
	EndGlobalSection
	GlobalSection(ProjectConfigurationPlatforms) = postSolution
		{AFC437D5-FC21-41B4-8CB5-5A726BB409A3}.Debug|Any CPU.ActiveCfg = Debug|Any CPU
		{AFC437D5-FC21-41B4-8CB5-5A726BB409A3}.Debug|Any CPU.Build.0 = Debug|Any CPU
		{AFC437D5-FC21-41B4-8CB5-5A726BB409A3}.Release|Any CPU.ActiveCfg = Release|Any CPU
		{AFC437D5-FC21-41B4-8CB5-5A726BB409A3}.Release|Any CPU.Build.0 = Release|Any CPU
	EndGlobalSection
	GlobalSection(SolutionProperties) = preSolution
		HideSolutionNode = FALSE
	EndGlobalSection
	GlobalSection(ExtensibilityGlobals) = postSolution
		SolutionGuid = {DC60ACE6-8AA3-48C3-B4DC-026E083B4F7B}
	EndGlobalSection
EndGlobal
